# THIS IS AN AUTOGENERATED FILE. DO NOT EDIT THIS FILE DIRECTLY.
# yarn lockfile v1


prettier-plugin-tailwindcss@^0.2.2:
  version "0.2.2"
  resolved "https://registry.yarnpkg.com/prettier-plugin-tailwindcss/-/prettier-plugin-tailwindcss-0.2.2.tgz#61f4437936c79c8cc2915f31b4bd512605177239"
  integrity sha512-5RjUbWRe305pUpc48MosoIp6uxZvZxrM6GyOgsbGLTce+ehePKNm7ziW2dLG2air9aXbGuXlHVSQQw4Lbosq3w==
